
Microsoft Visual Studio Solution File, Format Version 12.00
# Visual Studio 15
VisualStudioVersion = 15.0.27130.2024
MinimumVisualStudioVersion = 10.0.40219.1
Project("{FAE04EC0-301F-11D3-BF4B-00C04F79EFBC}") = "DiWithoutContainer", "DiWithoutContainer\DiWithoutContainer.csproj", "{650D19E6-54A1-4270-8958-216BD90B7CD2}"
EndProject
Project("{9A19103F-16F7-4668-BE54-9A1E7A4F7556}") = "AutofacSimple", "AutofacSimple\AutofacSimple.csproj", "{8D6A748A-45C7-4837-94E9-3963411C7100}"
EndProject
Project("{9A19103F-16F7-4668-BE54-9A1E7A4F7556}") = "AutofacAdvanced", "AutofacAdvanced\AutofacAdvanced.csproj", "{30ECDA85-5C97-48D5-B4BE-ADEFFD7AE5ED}"
EndProject
Project("{FAE04EC0-301F-11D3-BF4B-00C04F79EFBC}") = "AutofacImplicitRelationshipTypes", "AutofacImplicitRelationshipTypes\AutofacImplicitRelationshipTypes.csproj", "{C8918C3C-4AAE-42C2-95A2-E01401C30045}"
EndProject
Global
	GlobalSection(SolutionConfigurationPlatforms) = preSolution
		Debug|Any CPU = Debug|Any CPU
		Release|Any CPU = Release|Any CPU
	EndGlobalSection
	GlobalSection(ProjectConfigurationPlatforms) = postSolution
		{650D19E6-54A1-4270-8958-216BD90B7CD2}.Debug|Any CPU.ActiveCfg = Debug|Any CPU
		{650D19E6-54A1-4270-8958-216BD90B7CD2}.Debug|Any CPU.Build.0 = Debug|Any CPU
		{650D19E6-54A1-4270-8958-216BD90B7CD2}.Release|Any CPU.ActiveCfg = Release|Any CPU
		{650D19E6-54A1-4270-8958-216BD90B7CD2}.Release|Any CPU.Build.0 = Release|Any CPU
		{8D6A748A-45C7-4837-94E9-3963411C7100}.Debug|Any CPU.ActiveCfg = Debug|Any CPU
		{8D6A748A-45C7-4837-94E9-3963411C7100}.Debug|Any CPU.Build.0 = Debug|Any CPU
		{8D6A748A-45C7-4837-94E9-3963411C7100}.Release|Any CPU.ActiveCfg = Release|Any CPU
		{8D6A748A-45C7-4837-94E9-3963411C7100}.Release|Any CPU.Build.0 = Release|Any CPU
		{30ECDA85-5C97-48D5-B4BE-ADEFFD7AE5ED}.Debug|Any CPU.ActiveCfg = Debug|Any CPU
		{30ECDA85-5C97-48D5-B4BE-ADEFFD7AE5ED}.Debug|Any CPU.Build.0 = Debug|Any CPU
		{30ECDA85-5C97-48D5-B4BE-ADEFFD7AE5ED}.Release|Any CPU.ActiveCfg = Release|Any CPU
		{30ECDA85-5C97-48D5-B4BE-ADEFFD7AE5ED}.Release|Any CPU.Build.0 = Release|Any CPU
		{C8918C3C-4AAE-42C2-95A2-E01401C30045}.Debug|Any CPU.ActiveCfg = Debug|Any CPU
		{C8918C3C-4AAE-42C2-95A2-E01401C30045}.Debug|Any CPU.Build.0 = Debug|Any CPU
		{C8918C3C-4AAE-42C2-95A2-E01401C30045}.Release|Any CPU.ActiveCfg = Release|Any CPU
		{C8918C3C-4AAE-42C2-95A2-E01401C30045}.Release|Any CPU.Build.0 = Release|Any CPU
	EndGlobalSection
	GlobalSection(SolutionProperties) = preSolution
		HideSolutionNode = FALSE
	EndGlobalSection
	GlobalSection(ExtensibilityGlobals) = postSolution
		SolutionGuid = {649B40CA-9DF0-45CC-9D79-5EAB14A8DC92}
	EndGlobalSection
EndGlobal
